// !$*UTF8*$!
{
	archiveVersion = 1;
	classes = {
	};
	objectVersion = 46;
	objects = {

/* Begin PBXBuildFile section */
		F834758B1CE17DEE00802EC7 /* main.m in Sources */ = {isa = PBXBuildFile; fileRef = F834758A1CE17DEE00802EC7 /* main.m */; };
		F834758E1CE17DEE00802EC7 /* AppDelegate.m in Sources */ = {isa = PBXBuildFile; fileRef = F834758D1CE17DEE00802EC7 /* AppDelegate.m */; };
		F83475911CE17DEE00802EC7 /* ViewController.m in Sources */ = {isa = PBXBuildFile; fileRef = F83475901CE17DEE00802EC7 /* ViewController.m */; };
		F83475941CE17DEE00802EC7 /* Main.storyboard in Resources */ = {isa = PBXBuildFile; fileRef = F83475921CE17DEE00802EC7 /* Main.storyboard */; };
		F83475961CE17DEE00802EC7 /* Assets.xcassets in Resources */ = {isa = PBXBuildFile; fileRef = F83475951CE17DEE00802EC7 /* Assets.xcassets */; };
		F83475991CE17DEE00802EC7 /* LaunchScreen.storyboard in Resources */ = {isa = PBXBuildFile; fileRef = F83475971CE17DEE00802EC7 /* LaunchScreen.storyboard */; };
		F8B57E201CE97B70004D0AF5 /* WhdeViewPager.m in Sources */ = {isa = PBXBuildFile; fileRef = F8B57E1F1CE97B70004D0AF5 /* WhdeViewPager.m */; };
/* End PBXBuildFile section */

/* Begin PBXFileReference section */
		F83475861CE17DEE00802EC7 /* ViewPager.app */ = {isa = PBXFileReference; explicitFileType = wrapper.application; includeInIndex = 0; path = ViewPager.app; sourceTree = BUILT_PRODUCTS_DIR; };
		F834758A1CE17DEE00802EC7 /* main.m */ = {isa = PBXFileReference; lastKnownFileType = sourcecode.c.objc; path = main.m; sourceTree = "<group>"; };
		F834758C1CE17DEE00802EC7 /* AppDelegate.h */ = {isa = PBXFileReference; lastKnownFileType = sourcecode.c.h; path = AppDelegate.h; sourceTree = "<group>"; };
		F834758D1CE17DEE00802EC7 /* AppDelegate.m */ = {isa = PBXFileReference; lastKnownFileType = sourcecode.c.objc; path = AppDelegate.m; sourceTree = "<group>"; };
		F834758F1CE17DEE00802EC7 /* ViewController.h */ = {isa = PBXFileReference; lastKnownFileType = sourcecode.c.h; path = ViewController.h; sourceTree = "<group>"; };
		F83475901CE17DEE00802EC7 /* ViewController.m */ = {isa = PBXFileReference; lastKnownFileType = sourcecode.c.objc; path = ViewController.m; sourceTree = "<group>"; };
		F83475931CE17DEE00802EC7 /* Base */ = {isa = PBXFileReference; lastKnownFileType = file.storyboard; name = Base; path = Base.lproj/Main.storyboard; sourceTree = "<group>"; };
		F83475951CE17DEE00802EC7 /* Assets.xcassets */ = {isa = PBXFileReference; lastKnownFileType = folder.assetcatalog; path = Assets.xcassets; sourceTree = "<group>"; };
		F83475981CE17DEE00802EC7 /* Base */ = {isa = PBXFileReference; lastKnownFileType = file.storyboard; name = Base; path = Base.lproj/LaunchScreen.storyboard; sourceTree = "<group>"; };
		F834759A1CE17DEE00802EC7 /* Info.plist */ = {isa = PBXFileReference; lastKnownFileType = text.plist.xml; path = Info.plist; sourceTree = "<group>"; };
		F8B57E1E1CE97B70004D0AF5 /* WhdeViewPager.h */ = {isa = PBXFileReference; fileEncoding = 4; lastKnownFileType = sourcecode.c.h; path = WhdeViewPager.h; sourceTree = "<group>"; };
		F8B57E1F1CE97B70004D0AF5 /* WhdeViewPager.m */ = {isa = PBXFileReference; fileEncoding = 4; lastKnownFileType = sourcecode.c.objc; path = WhdeViewPager.m; sourceTree = "<group>"; };
/* End PBXFileReference section */

/* Begin PBXFrameworksBuildPhase section */
		F83475831CE17DEE00802EC7 /* Frameworks */ = {
			isa = PBXFrameworksBuildPhase;
			buildActionMask = 2147483647;
			files = (
			);
			runOnlyForDeploymentPostprocessing = 0;
		};
/* End PBXFrameworksBuildPhase section */

/* Begin PBXGroup section */
		F834757D1CE17DEE00802EC7 = {
			isa = PBXGroup;
			children = (
				F8B57E1D1CE97B70004D0AF5 /* Class */,
				F83475881CE17DEE00802EC7 /* ViewPager */,
				F83475871CE17DEE00802EC7 /* Products */,
			);
			sourceTree = "<group>";
		};
		F83475871CE17DEE00802EC7 /* Products */ = {
			isa = PBXGroup;
			children = (
				F83475861CE17DEE00802EC7 /* ViewPager.app */,
			);
			name = Products;
			sourceTree = "<group>";
		};
		F83475881CE17DEE00802EC7 /* ViewPager */ = {
			isa = PBXGroup;
			children = (
				F834758C1CE17DEE00802EC7 /* AppDelegate.h */,
				F834758D1CE17DEE00802EC7 /* AppDelegate.m */,
				F834758F1CE17DEE00802EC7 /* ViewController.h */,
				F83475901CE17DEE00802EC7 /* ViewController.m */,
				F83475921CE17DEE00802EC7 /* Main.storyboard */,
				F83475951CE17DEE00802EC7 /* Assets.xcassets */,
				F83475971CE17DEE00802EC7 /* LaunchScreen.storyboard */,
				F834759A1CE17DEE00802EC7 /* Info.plist */,
				F83475891CE17DEE00802EC7 /* Supporting Files */,
			);
			path = ViewPager;
			sourceTree = "<group>";
		};
		F83475891CE17DEE00802EC7 /* Supporting Files */ = {
			isa = PBXGroup;
			children = (
				F834758A1CE17DEE00802EC7 /* main.m */,
			);
			name = "Supporting Files";
			sourceTree = "<group>";
		};
		F8B57E1D1CE97B70004D0AF5 /* Class */ = {
			isa = PBXGroup;
			children = (
				F8B57E1E1CE97B70004D0AF5 /* WhdeViewPager.h */,
				F8B57E1F1CE97B70004D0AF5 /* WhdeViewPager.m */,
			);
			name = Class;
			path = ../WhdeViewPager/Class;
			sourceTree = "<group>";
		};
/* End PBXGroup section */

/* Begin PBXNativeTarget section */
		F83475851CE17DEE00802EC7 /* ViewPager */ = {
			isa = PBXNativeTarget;
			buildConfigurationList = F834759D1CE17DEE00802EC7 /* Build configuration list for PBXNativeTarget "ViewPager" */;
			buildPhases = (
				F83475821CE17DEE00802EC7 /* Sources */,
				F83475831CE17DEE00802EC7 /* Frameworks */,
				F83475841CE17DEE00802EC7 /* Resources */,
			);
			buildRules = (
			);
			dependencies = (
			);
			name = ViewPager;
			productName = ViewPager;
			productReference = F83475861CE17DEE00802EC7 /* ViewPager.app */;
			productType = "com.apple.product-type.application";
		};
/* End PBXNativeTarget section */

/* Begin PBXProject section */
		F834757E1CE17DEE00802EC7 /* Project object */ = {
			isa = PBXProject;
			attributes = {
				LastUpgradeCheck = 0730;
				ORGANIZATIONNAME = whde;
				TargetAttributes = {
					F83475851CE17DEE00802EC7 = {
						CreatedOnToolsVersion = 7.3.1;
					};
				};
			};
			buildConfigurationList = F83475811CE17DEE00802EC7 /* Build configuration list for PBXProject "ViewPager" */;
			compatibilityVersion = "Xcode 3.2";
			developmentRegion = English;
			hasScannedForEncodings = 0;
			knownRegions = (
				en,
				Base,
			);
			mainGroup = F834757D1CE17DEE00802EC7;
			productRefGroup = F83475871CE17DEE00802EC7 /* Products */;
			projectDirPath = "";
			projectRoot = "";
			targets = (
				F83475851CE17DEE00802EC7 /* ViewPager */,
			);
		};
/* End PBXProject section */

/* Begin PBXResourcesBuildPhase section */
		F83475841CE17DEE00802EC7 /* Resources */ = {
			isa = PBXResourcesBuildPhase;
			buildActionMask = 2147483647;
			files = (
				F83475991CE17DEE00802EC7 /* LaunchScreen.storyboard in Resources */,
				F83475961CE17DEE00802EC7 /* Assets.xcassets in Resources */,
				F83475941CE17DEE00802EC7 /* Main.storyboard in Resources */,
			);
			runOnlyForDeploymentPostprocessing = 0;
		};
/* End PBXResourcesBuildPhase section */

/* Begin PBXSourcesBuildPhase section */
		F83475821CE17DEE00802EC7 /* Sources */ = {
			isa = PBXSourcesBuildPhase;
			buildActionMask = 2147483647;
			files = (
				F8B57E201CE97B70004D0AF5 /* WhdeViewPager.m in Sources */,
				F83475911CE17DEE00802EC7 /* ViewController.m in Sources */,
				F834758E1CE17DEE00802EC7 /* AppDelegate.m in Sources */,
				F834758B1CE17DEE00802EC7 /* main.m in Sources */,
			);
			runOnlyForDeploymentPostprocessing = 0;
		};
/* End PBXSourcesBuildPhase section */

/* Begin PBXVariantGroup section */
		F83475921CE17DEE00802EC7 /* Main.storyboard */ = {
			isa = PBXVariantGroup;
			children = (
				F83475931CE17DEE00802EC7 /* Base */,
			);
			name = Main.storyboard;
			sourceTree = "<group>";
		};
		F83475971CE17DEE00802EC7 /* LaunchScreen.storyboard */ = {
			isa = PBXVariantGroup;
			children = (
				F83475981CE17DEE00802EC7 /* Base */,
			);
			name = LaunchScreen.storyboard;
			sourceTree = "<group>";
		};
/* End PBXVariantGroup section */

/* Begin XCBuildConfiguration section */
		F834759B1CE17DEE00802EC7 /* Debug */ = {
			isa = XCBuildConfiguration;
			buildSettings = {
				ALWAYS_SEARCH_USER_PATHS = NO;
				CLANG_ANALYZER_NONNULL = YES;
				CLANG_CXX_LANGUAGE_STANDARD = "gnu++0x";
				CLANG_CXX_LIBRARY = "libc++";
				CLANG_ENABLE_MODULES = YES;
				CLANG_ENABLE_OBJC_ARC = YES;
				CLANG_WARN_BOOL_CONVERSION = YES;
				CLANG_WARN_CONSTANT_CONVERSION = YES;
				CLANG_WARN_DIRECT_OBJC_ISA_USAGE = YES_ERROR;
				CLANG_WARN_EMPTY_BODY = YES;
				CLANG_WARN_ENUM_CONVERSION = YES;
				CLANG_WARN_INT_CONVERSION = YES;
				CLANG_WARN_OBJC_ROOT_CLASS = YES_ERROR;
				CLANG_WARN_UNREACHABLE_CODE = YES;
				CLANG_WARN__DUPLICATE_METHOD_MATCH = YES;
				"CODE_SIGN_IDENTITY[sdk=iphoneos*]" = "iPhone Developer";
				COPY_PHASE_STRIP = NO;
				DEBUG_INFORMATION_FORMAT = dwarf;
				ENABLE_STRICT_OBJC_MSGSEND = YES;
				ENABLE_TESTABILITY = YES;
				GCC_C_LANGUAGE_STANDARD = gnu99;
				GCC_DYNAMIC_NO_PIC = NO;
				GCC_NO_COMMON_BLOCKS = YES;
				GCC_OPTIMIZATION_LEVEL = 0;
				GCC_PREPROCESSOR_DEFINITIONS = (
					"DEBUG=1",
					"$(inherited)",
				);
				GCC_WARN_64_TO_32_BIT_CONVERSION = YES;
				GCC_WARN_ABOUT_RETURN_TYPE = YES_ERROR;
				GCC_WARN_UNDECLARED_SELECTOR = YES;
				GCC_WARN_UNINITIALIZED_AUTOS = YES_AGGRESSIVE;
				GCC_WARN_UNUSED_FUNCTION = YES;
				GCC_WARN_UNUSED_VARIABLE = YES;
				IPHONEOS_DEPLOYMENT_TARGET = 9.3;
				MTL_ENABLE_DEBUG_INFO = YES;
				ONLY_ACTIVE_ARCH = YES;
				SDKROOT = iphoneos;
			};
			name = Debug;
		};
		F834759C1CE17DEE00802EC7 /* Release */ = {
			isa = XCBuildConfiguration;
			buildSettings = {
				ALWAYS_SEARCH_USER_PATHS = NO;
				CLANG_ANALYZER_NONNULL = YES;
				CLANG_CXX_LANGUAGE_STANDARD = "gnu++0x";
				CLANG_CXX_LIBRARY = "libc++";
				CLANG_ENABLE_MODULES = YES;
				CLANG_ENABLE_OBJC_ARC = YES;
				CLANG_WARN_BOOL_CONVERSION = YES;
				CLANG_WARN_CONSTANT_CONVERSION = YES;
				CLANG_WARN_DIRECT_OBJC_ISA_USAGE = YES_ERROR;
				CLANG_WARN_EMPTY_BODY = YES;
				CLANG_WARN_ENUM_CONVERSION = YES;
				CLANG_WARN_INT_CONVERSION = YES;
				CLANG_WARN_OBJC_ROOT_CLASS = YES_ERROR;
				CLANG_WARN_UNREACHABLE_CODE = YES;
				CLANG_WARN__DUPLICATE_METHOD_MATCH = YES;
				"CODE_SIGN_IDENTITY[sdk=iphoneos*]" = "iPhone Developer";
				COPY_PHASE_STRIP = NO;
				DEBUG_INFORMATION_FORMAT = "dwarf-with-dsym";
				ENABLE_NS_ASSERTIONS = NO;
				ENABLE_STRICT_OBJC_MSGSEND = YES;
				GCC_C_LANGUAGE_STANDARD = gnu99;
				GCC_NO_COMMON_BLOCKS = YES;
				GCC_WARN_64_TO_32_BIT_CONVERSION = YES;
				GCC_WARN_ABOUT_RETURN_TYPE = YES_ERROR;
				GCC_WARN_UNDECLARED_SELECTOR = YES;
				GCC_WARN_UNINITIALIZED_AUTOS = YES_AGGRESSIVE;
				GCC_WARN_UNUSED_FUNCTION = YES;
				GCC_WARN_UNUSED_VARIABLE = YES;
				IPHONEOS_DEPLOYMENT_TARGET = 9.3;
				MTL_ENABLE_DEBUG_INFO = NO;
				SDKROOT = iphoneos;
				VALIDATE_PRODUCT = YES;
			};
			name = Release;
		};
		F834759E1CE17DEE00802EC7 /* Debug */ = {
			isa = XCBuildConfiguration;
			buildSettings = {
				ASSETCATALOG_COMPILER_APPICON_NAME = AppIcon;
				INFOPLIST_FILE = ViewPager/Info.plist;
				LD_RUNPATH_SEARCH_PATHS = "$(inherited) @executable_path/Frameworks";
				PRODUCT_BUNDLE_IDENTIFIER = com.ziyoubang.ViewPager;
				PRODUCT_NAME = "$(TARGET_NAME)";
			};
			name = Debug;
		};
		F834759F1CE17DEE00802EC7 /* Release */ = {
			isa = XCBuildConfiguration;
			buildSettings = {
				ASSETCATALOG_COMPILER_APPICON_NAME = AppIcon;
				INFOPLIST_FILE = ViewPager/Info.plist;
				LD_RUNPATH_SEARCH_PATHS = "$(inherited) @executable_path/Frameworks";
				PRODUCT_BUNDLE_IDENTIFIER = com.ziyoubang.ViewPager;
				PRODUCT_NAME = "$(TARGET_NAME)";
			};
			name = Release;
		};
/* End XCBuildConfiguration section */

/* Begin XCConfigurationList section */
		F83475811CE17DEE00802EC7 /* Build configuration list for PBXProject "ViewPager" */ = {
			isa = XCConfigurationList;
			buildConfigurations = (
				F834759B1CE17DEE00802EC7 /* Debug */,
				F834759C1CE17DEE00802EC7 /* Release */,
			);
			defaultConfigurationIsVisible = 0;
			defaultConfigurationName = Release;
		};
		F834759D1CE17DEE00802EC7 /* Build configuration list for PBXNativeTarget "ViewPager" */ = {
			isa = XCConfigurationList;
			buildConfigurations = (
				F834759E1CE17DEE00802EC7 /* Debug */,
				F834759F1CE17DEE00802EC7 /* Release */,
			);
			defaultConfigurationIsVisible = 0;
			defaultConfigurationName = Release;
		};
/* End XCConfigurationList section */
	};
	rootObject = F834757E1CE17DEE00802EC7 /* Project object */;
}
