// !$*UTF8*$!
{
	archiveVersion = 1;
	classes = {
	};
	objectVersion = 46;
	objects = {

/* Begin PBXAggregateTarget section */
		F8B57E141CE97ABB004D0AF5 /* WhdeViewPagerTarget */ = {
			isa = PBXAggregateTarget;
			buildConfigurationList = F8B57E151CE97ABB004D0AF5 /* Build configuration list for PBXAggregateTarget "WhdeViewPagerTarget" */;
			buildPhases = (
				F8B57E181CE97AC0004D0AF5 /* ShellScript */,
			);
			dependencies = (
			);
			name = WhdeViewPagerTarget;
			productName = WhdeViewPagerTarget;
		};
/* End PBXAggregateTarget section */

/* Begin PBXBuildFile section */
		F8B57E121CE97A93004D0AF5 /* WhdeViewPager.h in Headers */ = {isa = PBXBuildFile; fileRef = F8B57E101CE97A93004D0AF5 /* WhdeViewPager.h */; settings = {ATTRIBUTES = (Public, ); }; };
		F8B57E131CE97A93004D0AF5 /* WhdeViewPager.m in Sources */ = {isa = PBXBuildFile; fileRef = F8B57E111CE97A93004D0AF5 /* WhdeViewPager.m */; };
/* End PBXBuildFile section */

/* Begin PBXFileReference section */
		F8B57E041CE97A60004D0AF5 /* WhdeViewPager.framework */ = {isa = PBXFileReference; explicitFileType = wrapper.framework; includeInIndex = 0; path = WhdeViewPager.framework; sourceTree = BUILT_PRODUCTS_DIR; };
		F8B57E091CE97A60004D0AF5 /* Info.plist */ = {isa = PBXFileReference; lastKnownFileType = text.plist.xml; path = Info.plist; sourceTree = "<group>"; };
		F8B57E101CE97A93004D0AF5 /* WhdeViewPager.h */ = {isa = PBXFileReference; fileEncoding = 4; lastKnownFileType = sourcecode.c.h; path = WhdeViewPager.h; sourceTree = "<group>"; };
		F8B57E111CE97A93004D0AF5 /* WhdeViewPager.m */ = {isa = PBXFileReference; fileEncoding = 4; lastKnownFileType = sourcecode.c.objc; path = WhdeViewPager.m; sourceTree = "<group>"; };
/* End PBXFileReference section */

/* Begin PBXFrameworksBuildPhase section */
		F8B57E001CE97A60004D0AF5 /* Frameworks */ = {
			isa = PBXFrameworksBuildPhase;
			buildActionMask = 2147483647;
			files = (
			);
			runOnlyForDeploymentPostprocessing = 0;
		};
/* End PBXFrameworksBuildPhase section */

/* Begin PBXGroup section */
		F8B57DFA1CE97A60004D0AF5 = {
			isa = PBXGroup;
			children = (
				F8B57E0F1CE97A93004D0AF5 /* Class */,
				F8B57E061CE97A60004D0AF5 /* WhdeViewPager */,
				F8B57E051CE97A60004D0AF5 /* Products */,
			);
			sourceTree = "<group>";
		};
		F8B57E051CE97A60004D0AF5 /* Products */ = {
			isa = PBXGroup;
			children = (
				F8B57E041CE97A60004D0AF5 /* WhdeViewPager.framework */,
			);
			name = Products;
			sourceTree = "<group>";
		};
		F8B57E061CE97A60004D0AF5 /* WhdeViewPager */ = {
			isa = PBXGroup;
			children = (
				F8B57E091CE97A60004D0AF5 /* Info.plist */,
			);
			path = WhdeViewPager;
			sourceTree = "<group>";
		};
		F8B57E0F1CE97A93004D0AF5 /* Class */ = {
			isa = PBXGroup;
			children = (
				F8B57E101CE97A93004D0AF5 /* WhdeViewPager.h */,
				F8B57E111CE97A93004D0AF5 /* WhdeViewPager.m */,
			);
			path = Class;
			sourceTree = "<group>";
		};
/* End PBXGroup section */

/* Begin PBXHeadersBuildPhase section */
		F8B57E011CE97A60004D0AF5 /* Headers */ = {
			isa = PBXHeadersBuildPhase;
			buildActionMask = 2147483647;
			files = (
				F8B57E121CE97A93004D0AF5 /* WhdeViewPager.h in Headers */,
			);
			runOnlyForDeploymentPostprocessing = 0;
		};
/* End PBXHeadersBuildPhase section */

/* Begin PBXNativeTarget section */
		F8B57E031CE97A60004D0AF5 /* WhdeViewPager */ = {
			isa = PBXNativeTarget;
			buildConfigurationList = F8B57E0C1CE97A60004D0AF5 /* Build configuration list for PBXNativeTarget "WhdeViewPager" */;
			buildPhases = (
				F8B57DFF1CE97A60004D0AF5 /* Sources */,
				F8B57E001CE97A60004D0AF5 /* Frameworks */,
				F8B57E011CE97A60004D0AF5 /* Headers */,
				F8B57E021CE97A60004D0AF5 /* Resources */,
			);
			buildRules = (
			);
			dependencies = (
			);
			name = WhdeViewPager;
			productName = WhdeViewPager;
			productReference = F8B57E041CE97A60004D0AF5 /* WhdeViewPager.framework */;
			productType = "com.apple.product-type.framework";
		};
/* End PBXNativeTarget section */

/* Begin PBXProject section */
		F8B57DFB1CE97A60004D0AF5 /* Project object */ = {
			isa = PBXProject;
			attributes = {
				LastUpgradeCheck = 0730;
				ORGANIZATIONNAME = whde;
				TargetAttributes = {
					F8B57E031CE97A60004D0AF5 = {
						CreatedOnToolsVersion = 7.3.1;
					};
					F8B57E141CE97ABB004D0AF5 = {
						CreatedOnToolsVersion = 7.3.1;
					};
				};
			};
			buildConfigurationList = F8B57DFE1CE97A60004D0AF5 /* Build configuration list for PBXProject "WhdeViewPager" */;
			compatibilityVersion = "Xcode 3.2";
			developmentRegion = English;
			hasScannedForEncodings = 0;
			knownRegions = (
				en,
			);
			mainGroup = F8B57DFA1CE97A60004D0AF5;
			productRefGroup = F8B57E051CE97A60004D0AF5 /* Products */;
			projectDirPath = "";
			projectRoot = "";
			targets = (
				F8B57E031CE97A60004D0AF5 /* WhdeViewPager */,
				F8B57E141CE97ABB004D0AF5 /* WhdeViewPagerTarget */,
			);
		};
/* End PBXProject section */

/* Begin PBXResourcesBuildPhase section */
		F8B57E021CE97A60004D0AF5 /* Resources */ = {
			isa = PBXResourcesBuildPhase;
			buildActionMask = 2147483647;
			files = (
			);
			runOnlyForDeploymentPostprocessing = 0;
		};
/* End PBXResourcesBuildPhase section */

/* Begin PBXShellScriptBuildPhase section */
		F8B57E181CE97AC0004D0AF5 /* ShellScript */ = {
			isa = PBXShellScriptBuildPhase;
			buildActionMask = 2147483647;
			files = (
			);
			inputPaths = (
			);
			outputPaths = (
			);
			runOnlyForDeploymentPostprocessing = 0;
			shellPath = /bin/sh;
			shellScript = "# Sets the target folders and the final framework product.\n# 如果工程名称和Framework的Target名称不一样的话，要自定义FMKNAME\n# 例如: FMK_NAME = \"MyFramework\"\nFMK_NAME=${PROJECT_NAME}\n\n# Install dir will be the final output to the framework.\n# The following line create it in the root folder of the current project.\nINSTALL_DIR=${SRCROOT}/Products/${FMK_NAME}.framework\n\n# Working dir will be deleted after the framework creation.\nWRK_DIR=build\nDEVICE_DIR=${WRK_DIR}/Release-iphoneos/${FMK_NAME}.framework\nSIMULATOR_DIR=${WRK_DIR}/Release-iphonesimulator/${FMK_NAME}.framework\n\n# -configuration ${CONFIGURATION}\n# Clean and Building both architectures.\nxcodebuild -configuration \"Release\" -target \"${FMK_NAME}\" -sdk iphoneos -arch armv7 -arch armv7s -arch arm64 clean build\nxcodebuild -configuration \"Release\" -target \"${FMK_NAME}\" -sdk iphonesimulator -arch x86_64  -arch i386 clean build\n\n# Cleaning the oldest.\nif [ -d \"${INSTALL_DIR}\" ]\nthen\nrm -rf \"${INSTALL_DIR}\"\nfi\n\nmkdir -p \"${INSTALL_DIR}\"\n\ncp -R \"${DEVICE_DIR}/\" \"${INSTALL_DIR}/\"\n\n# Uses the Lipo Tool to merge both binary files (i386 + armv6/armv7) into one Universal final product.\nlipo -create \"${DEVICE_DIR}/${FMK_NAME}\" \"${SIMULATOR_DIR}/${FMK_NAME}\" -output \"${INSTALL_DIR}/${FMK_NAME}\"\n\nrm -r \"${WRK_DIR}\"\n\nopen \"${SRCROOT}/Products/\"\n";
		};
/* End PBXShellScriptBuildPhase section */

/* Begin PBXSourcesBuildPhase section */
		F8B57DFF1CE97A60004D0AF5 /* Sources */ = {
			isa = PBXSourcesBuildPhase;
			buildActionMask = 2147483647;
			files = (
				F8B57E131CE97A93004D0AF5 /* WhdeViewPager.m in Sources */,
			);
			runOnlyForDeploymentPostprocessing = 0;
		};
/* End PBXSourcesBuildPhase section */

/* Begin XCBuildConfiguration section */
		F8B57E0A1CE97A60004D0AF5 /* Debug */ = {
			isa = XCBuildConfiguration;
			buildSettings = {
				ALWAYS_SEARCH_USER_PATHS = NO;
				CLANG_ANALYZER_NONNULL = YES;
				CLANG_CXX_LANGUAGE_STANDARD = "gnu++0x";
				CLANG_CXX_LIBRARY = "libc++";
				CLANG_ENABLE_MODULES = YES;
				CLANG_ENABLE_OBJC_ARC = YES;
				CLANG_WARN_BOOL_CONVERSION = YES;
				CLANG_WARN_CONSTANT_CONVERSION = YES;
				CLANG_WARN_DIRECT_OBJC_ISA_USAGE = YES_ERROR;
				CLANG_WARN_EMPTY_BODY = YES;
				CLANG_WARN_ENUM_CONVERSION = YES;
				CLANG_WARN_INT_CONVERSION = YES;
				CLANG_WARN_OBJC_ROOT_CLASS = YES_ERROR;
				CLANG_WARN_UNREACHABLE_CODE = YES;
				CLANG_WARN__DUPLICATE_METHOD_MATCH = YES;
				"CODE_SIGN_IDENTITY[sdk=iphoneos*]" = "iPhone Developer";
				COPY_PHASE_STRIP = NO;
				CURRENT_PROJECT_VERSION = 1;
				DEBUG_INFORMATION_FORMAT = dwarf;
				ENABLE_STRICT_OBJC_MSGSEND = YES;
				ENABLE_TESTABILITY = YES;
				GCC_C_LANGUAGE_STANDARD = gnu99;
				GCC_DYNAMIC_NO_PIC = NO;
				GCC_NO_COMMON_BLOCKS = YES;
				GCC_OPTIMIZATION_LEVEL = 0;
				GCC_PREPROCESSOR_DEFINITIONS = (
					"DEBUG=1",
					"$(inherited)",
				);
				GCC_WARN_64_TO_32_BIT_CONVERSION = YES;
				GCC_WARN_ABOUT_RETURN_TYPE = YES_ERROR;
				GCC_WARN_UNDECLARED_SELECTOR = YES;
				GCC_WARN_UNINITIALIZED_AUTOS = YES_AGGRESSIVE;
				GCC_WARN_UNUSED_FUNCTION = YES;
				GCC_WARN_UNUSED_VARIABLE = YES;
				IPHONEOS_DEPLOYMENT_TARGET = 9.3;
				MACH_O_TYPE = staticlib;
				MTL_ENABLE_DEBUG_INFO = YES;
				ONLY_ACTIVE_ARCH = YES;
				SDKROOT = iphoneos;
				TARGETED_DEVICE_FAMILY = "1,2";
				VERSIONING_SYSTEM = "apple-generic";
				VERSION_INFO_PREFIX = "";
			};
			name = Debug;
		};
		F8B57E0B1CE97A60004D0AF5 /* Release */ = {
			isa = XCBuildConfiguration;
			buildSettings = {
				ALWAYS_SEARCH_USER_PATHS = NO;
				CLANG_ANALYZER_NONNULL = YES;
				CLANG_CXX_LANGUAGE_STANDARD = "gnu++0x";
				CLANG_CXX_LIBRARY = "libc++";
				CLANG_ENABLE_MODULES = YES;
				CLANG_ENABLE_OBJC_ARC = YES;
				CLANG_WARN_BOOL_CONVERSION = YES;
				CLANG_WARN_CONSTANT_CONVERSION = YES;
				CLANG_WARN_DIRECT_OBJC_ISA_USAGE = YES_ERROR;
				CLANG_WARN_EMPTY_BODY = YES;
				CLANG_WARN_ENUM_CONVERSION = YES;
				CLANG_WARN_INT_CONVERSION = YES;
				CLANG_WARN_OBJC_ROOT_CLASS = YES_ERROR;
				CLANG_WARN_UNREACHABLE_CODE = YES;
				CLANG_WARN__DUPLICATE_METHOD_MATCH = YES;
				"CODE_SIGN_IDENTITY[sdk=iphoneos*]" = "iPhone Developer";
				COPY_PHASE_STRIP = NO;
				CURRENT_PROJECT_VERSION = 1;
				DEBUG_INFORMATION_FORMAT = "dwarf-with-dsym";
				ENABLE_NS_ASSERTIONS = NO;
				ENABLE_STRICT_OBJC_MSGSEND = YES;
				GCC_C_LANGUAGE_STANDARD = gnu99;
				GCC_NO_COMMON_BLOCKS = YES;
				GCC_WARN_64_TO_32_BIT_CONVERSION = YES;
				GCC_WARN_ABOUT_RETURN_TYPE = YES_ERROR;
				GCC_WARN_UNDECLARED_SELECTOR = YES;
				GCC_WARN_UNINITIALIZED_AUTOS = YES_AGGRESSIVE;
				GCC_WARN_UNUSED_FUNCTION = YES;
				GCC_WARN_UNUSED_VARIABLE = YES;
				IPHONEOS_DEPLOYMENT_TARGET = 9.3;
				MACH_O_TYPE = staticlib;
				MTL_ENABLE_DEBUG_INFO = NO;
				SDKROOT = iphoneos;
				TARGETED_DEVICE_FAMILY = "1,2";
				VALIDATE_PRODUCT = YES;
				VERSIONING_SYSTEM = "apple-generic";
				VERSION_INFO_PREFIX = "";
			};
			name = Release;
		};
		F8B57E0D1CE97A60004D0AF5 /* Debug */ = {
			isa = XCBuildConfiguration;
			buildSettings = {
				DEFINES_MODULE = YES;
				DYLIB_COMPATIBILITY_VERSION = 1;
				DYLIB_CURRENT_VERSION = 1;
				DYLIB_INSTALL_NAME_BASE = "@rpath";
				INFOPLIST_FILE = WhdeViewPager/Info.plist;
				INSTALL_PATH = "$(LOCAL_LIBRARY_DIR)/Frameworks";
				LD_RUNPATH_SEARCH_PATHS = "$(inherited) @executable_path/Frameworks @loader_path/Frameworks";
				MACH_O_TYPE = staticlib;
				PRODUCT_BUNDLE_IDENTIFIER = com.ziyoubang.WhdeViewPager;
				PRODUCT_NAME = "$(TARGET_NAME)";
				SKIP_INSTALL = YES;
			};
			name = Debug;
		};
		F8B57E0E1CE97A60004D0AF5 /* Release */ = {
			isa = XCBuildConfiguration;
			buildSettings = {
				DEFINES_MODULE = YES;
				DYLIB_COMPATIBILITY_VERSION = 1;
				DYLIB_CURRENT_VERSION = 1;
				DYLIB_INSTALL_NAME_BASE = "@rpath";
				INFOPLIST_FILE = WhdeViewPager/Info.plist;
				INSTALL_PATH = "$(LOCAL_LIBRARY_DIR)/Frameworks";
				LD_RUNPATH_SEARCH_PATHS = "$(inherited) @executable_path/Frameworks @loader_path/Frameworks";
				MACH_O_TYPE = staticlib;
				PRODUCT_BUNDLE_IDENTIFIER = com.ziyoubang.WhdeViewPager;
				PRODUCT_NAME = "$(TARGET_NAME)";
				SKIP_INSTALL = YES;
			};
			name = Release;
		};
		F8B57E161CE97ABB004D0AF5 /* Debug */ = {
			isa = XCBuildConfiguration;
			buildSettings = {
				MACH_O_TYPE = staticlib;
				PRODUCT_NAME = "$(TARGET_NAME)";
			};
			name = Debug;
		};
		F8B57E171CE97ABB004D0AF5 /* Release */ = {
			isa = XCBuildConfiguration;
			buildSettings = {
				MACH_O_TYPE = staticlib;
				PRODUCT_NAME = "$(TARGET_NAME)";
			};
			name = Release;
		};
/* End XCBuildConfiguration section */

/* Begin XCConfigurationList section */
		F8B57DFE1CE97A60004D0AF5 /* Build configuration list for PBXProject "WhdeViewPager" */ = {
			isa = XCConfigurationList;
			buildConfigurations = (
				F8B57E0A1CE97A60004D0AF5 /* Debug */,
				F8B57E0B1CE97A60004D0AF5 /* Release */,
			);
			defaultConfigurationIsVisible = 0;
			defaultConfigurationName = Release;
		};
		F8B57E0C1CE97A60004D0AF5 /* Build configuration list for PBXNativeTarget "WhdeViewPager" */ = {
			isa = XCConfigurationList;
			buildConfigurations = (
				F8B57E0D1CE97A60004D0AF5 /* Debug */,
				F8B57E0E1CE97A60004D0AF5 /* Release */,
			);
			defaultConfigurationIsVisible = 0;
		};
		F8B57E151CE97ABB004D0AF5 /* Build configuration list for PBXAggregateTarget "WhdeViewPagerTarget" */ = {
			isa = XCConfigurationList;
			buildConfigurations = (
				F8B57E161CE97ABB004D0AF5 /* Debug */,
				F8B57E171CE97ABB004D0AF5 /* Release */,
			);
			defaultConfigurationIsVisible = 0;
		};
/* End XCConfigurationList section */
	};
	rootObject = F8B57DFB1CE97A60004D0AF5 /* Project object */;
}
